
Microsoft Visual Studio Solution File, Format Version 12.00
# Visual Studio Version 16
VisualStudioVersion = 16.0.31019.35
MinimumVisualStudioVersion = 10.0.40219.1
Project("{2150E333-8FDC-42A3-9474-1A3956D46DE8}") = "DataAccess", "DataAccess", "{5FB9900B-1198-44EA-B859-DB221A35D1C0}"
EndProject
Project("{FAE04EC0-301F-11D3-BF4B-00C04F79EFBC}") = "APIsRESTful.Peliculas.DataAccess", "APIsRESTful.Peliculas.DataAccess\APIsRESTful.Peliculas.DataAccess.csproj", "{805E62F7-EF67-4E43-B444-CA0C4A3E26B4}"
EndProject
Project("{2150E333-8FDC-42A3-9474-1A3956D46DE8}") = "DTO", "DTO", "{7747AF2A-5F7B-43E5-AEE4-38443EDF4DA6}"
EndProject
Project("{2150E333-8FDC-42A3-9474-1A3956D46DE8}") = "Entities", "Entities", "{03431C9B-4C48-4475-ABDA-A16807C8BA0E}"
EndProject
Project("{FAE04EC0-301F-11D3-BF4B-00C04F79EFBC}") = "APIsRESTful.Peliculas.Entities", "APIsRESTful.Peliculas.Entities\APIsRESTful.Peliculas.Entities.csproj", "{1C889A09-09DD-4024-8515-876162E35FC5}"
EndProject
Project("{2150E333-8FDC-42A3-9474-1A3956D46DE8}") = "Service", "Service", "{030EF87E-0684-4659-9601-90C29779A59C}"
EndProject
Project("{FAE04EC0-301F-11D3-BF4B-00C04F79EFBC}") = "APIsRESTful.Peliculas.WebApi", "APIsRESTful.Peliculas.WebApi\APIsRESTful.Peliculas.WebApi.csproj", "{37A649FB-E7EB-4026-B4DA-921211778FE7}"
EndProject
Project("{FAE04EC0-301F-11D3-BF4B-00C04F79EFBC}") = "APIsRESTful.Peliculas.DTO", "APIsRESTful.Peliculas.DTO\APIsRESTful.Peliculas.DTO.csproj", "{F4FBEBE8-6353-41C2-83A6-03C8A15C9510}"
EndProject
Project("{2150E333-8FDC-42A3-9474-1A3956D46DE8}") = "Infrastructure", "Infrastructure", "{DEB459EC-CB14-4A1D-A611-1C9711BE37D6}"
EndProject
Project("{FAE04EC0-301F-11D3-BF4B-00C04F79EFBC}") = "APIsRESTful.Peliculas.Infrastructure", "APIsRESTful.Peliculas.Infrastructure\APIsRESTful.Peliculas.Infrastructure.csproj", "{3C30DF77-4CA8-42D3-8815-8E4796C56846}"
EndProject
Project("{FAE04EC0-301F-11D3-BF4B-00C04F79EFBC}") = "APIsRESTful.Peliculas.IInfrastructure", "APIsRESTful.Peliculas.IInfrastructure\APIsRESTful.Peliculas.IInfrastructure.csproj", "{0CCEE783-DBCA-4D60-91C2-1AC4E10769C8}"
EndProject
Project("{2150E333-8FDC-42A3-9474-1A3956D46DE8}") = "Domain", "Domain", "{D0C9E122-DCBB-4FF4-B1E2-EF1AD69523C2}"
EndProject
Project("{2150E333-8FDC-42A3-9474-1A3956D46DE8}") = "Application", "Application", "{991E750A-F7B4-4DEB-B88D-85B5758D1A48}"
EndProject
Project("{FAE04EC0-301F-11D3-BF4B-00C04F79EFBC}") = "APIsRESTful.Peliculas.Domain", "APIsRESTful.Peliculas.Domain\APIsRESTful.Peliculas.Domain.csproj", "{365CB5E6-70BE-4538-A798-C71458C57FE7}"
EndProject
Project("{FAE04EC0-301F-11D3-BF4B-00C04F79EFBC}") = "APIsRESTful.Peliculas.IDomain", "APIsRESTful.Peliculas.IDomain\APIsRESTful.Peliculas.IDomain.csproj", "{44FEAEA0-EC48-490C-B1BC-E786259E37DF}"
EndProject
Project("{FAE04EC0-301F-11D3-BF4B-00C04F79EFBC}") = "APIsRESTful.Peliculas.Application", "APIsRESTful.Peliculas.Application\APIsRESTful.Peliculas.Application.csproj", "{AD00EA13-E064-4CAE-8152-E060F8C264B6}"
EndProject
Project("{FAE04EC0-301F-11D3-BF4B-00C04F79EFBC}") = "APIsRESTful.Peliculas.IApplication", "APIsRESTful.Peliculas.IApplication\APIsRESTful.Peliculas.IApplication.csproj", "{2F9503CC-3A7F-4A6B-A6B5-90C30E17EACB}"
EndProject
Project("{FAE04EC0-301F-11D3-BF4B-00C04F79EFBC}") = "APIsRESTful.Peliculas.IDataAccess", "APIsRESTful.Peliculas.IDataAccess\APIsRESTful.Peliculas.IDataAccess.csproj", "{7A17886C-4C88-48BE-BB23-BFF8ADBEB140}"
EndProject
Global
	GlobalSection(SolutionConfigurationPlatforms) = preSolution
		Debug|Any CPU = Debug|Any CPU
		Release|Any CPU = Release|Any CPU
	EndGlobalSection
	GlobalSection(ProjectConfigurationPlatforms) = postSolution
		{805E62F7-EF67-4E43-B444-CA0C4A3E26B4}.Debug|Any CPU.ActiveCfg = Debug|Any CPU
		{805E62F7-EF67-4E43-B444-CA0C4A3E26B4}.Debug|Any CPU.Build.0 = Debug|Any CPU
		{805E62F7-EF67-4E43-B444-CA0C4A3E26B4}.Release|Any CPU.ActiveCfg = Release|Any CPU
		{805E62F7-EF67-4E43-B444-CA0C4A3E26B4}.Release|Any CPU.Build.0 = Release|Any CPU
		{1C889A09-09DD-4024-8515-876162E35FC5}.Debug|Any CPU.ActiveCfg = Debug|Any CPU
		{1C889A09-09DD-4024-8515-876162E35FC5}.Debug|Any CPU.Build.0 = Debug|Any CPU
		{1C889A09-09DD-4024-8515-876162E35FC5}.Release|Any CPU.ActiveCfg = Release|Any CPU
		{1C889A09-09DD-4024-8515-876162E35FC5}.Release|Any CPU.Build.0 = Release|Any CPU
		{37A649FB-E7EB-4026-B4DA-921211778FE7}.Debug|Any CPU.ActiveCfg = Debug|Any CPU
		{37A649FB-E7EB-4026-B4DA-921211778FE7}.Debug|Any CPU.Build.0 = Debug|Any CPU
		{37A649FB-E7EB-4026-B4DA-921211778FE7}.Release|Any CPU.ActiveCfg = Release|Any CPU
		{37A649FB-E7EB-4026-B4DA-921211778FE7}.Release|Any CPU.Build.0 = Release|Any CPU
		{F4FBEBE8-6353-41C2-83A6-03C8A15C9510}.Debug|Any CPU.ActiveCfg = Debug|Any CPU
		{F4FBEBE8-6353-41C2-83A6-03C8A15C9510}.Debug|Any CPU.Build.0 = Debug|Any CPU
		{F4FBEBE8-6353-41C2-83A6-03C8A15C9510}.Release|Any CPU.ActiveCfg = Release|Any CPU
		{F4FBEBE8-6353-41C2-83A6-03C8A15C9510}.Release|Any CPU.Build.0 = Release|Any CPU
		{3C30DF77-4CA8-42D3-8815-8E4796C56846}.Debug|Any CPU.ActiveCfg = Debug|Any CPU
		{3C30DF77-4CA8-42D3-8815-8E4796C56846}.Debug|Any CPU.Build.0 = Debug|Any CPU
		{3C30DF77-4CA8-42D3-8815-8E4796C56846}.Release|Any CPU.ActiveCfg = Release|Any CPU
		{3C30DF77-4CA8-42D3-8815-8E4796C56846}.Release|Any CPU.Build.0 = Release|Any CPU
		{0CCEE783-DBCA-4D60-91C2-1AC4E10769C8}.Debug|Any CPU.ActiveCfg = Debug|Any CPU
		{0CCEE783-DBCA-4D60-91C2-1AC4E10769C8}.Debug|Any CPU.Build.0 = Debug|Any CPU
		{0CCEE783-DBCA-4D60-91C2-1AC4E10769C8}.Release|Any CPU.ActiveCfg = Release|Any CPU
		{0CCEE783-DBCA-4D60-91C2-1AC4E10769C8}.Release|Any CPU.Build.0 = Release|Any CPU
		{365CB5E6-70BE-4538-A798-C71458C57FE7}.Debug|Any CPU.ActiveCfg = Debug|Any CPU
		{365CB5E6-70BE-4538-A798-C71458C57FE7}.Debug|Any CPU.Build.0 = Debug|Any CPU
		{365CB5E6-70BE-4538-A798-C71458C57FE7}.Release|Any CPU.ActiveCfg = Release|Any CPU
		{365CB5E6-70BE-4538-A798-C71458C57FE7}.Release|Any CPU.Build.0 = Release|Any CPU
		{44FEAEA0-EC48-490C-B1BC-E786259E37DF}.Debug|Any CPU.ActiveCfg = Debug|Any CPU
		{44FEAEA0-EC48-490C-B1BC-E786259E37DF}.Debug|Any CPU.Build.0 = Debug|Any CPU
		{44FEAEA0-EC48-490C-B1BC-E786259E37DF}.Release|Any CPU.ActiveCfg = Release|Any CPU
		{44FEAEA0-EC48-490C-B1BC-E786259E37DF}.Release|Any CPU.Build.0 = Release|Any CPU
		{AD00EA13-E064-4CAE-8152-E060F8C264B6}.Debug|Any CPU.ActiveCfg = Debug|Any CPU
		{AD00EA13-E064-4CAE-8152-E060F8C264B6}.Debug|Any CPU.Build.0 = Debug|Any CPU
		{AD00EA13-E064-4CAE-8152-E060F8C264B6}.Release|Any CPU.ActiveCfg = Release|Any CPU
		{AD00EA13-E064-4CAE-8152-E060F8C264B6}.Release|Any CPU.Build.0 = Release|Any CPU
		{2F9503CC-3A7F-4A6B-A6B5-90C30E17EACB}.Debug|Any CPU.ActiveCfg = Debug|Any CPU
		{2F9503CC-3A7F-4A6B-A6B5-90C30E17EACB}.Debug|Any CPU.Build.0 = Debug|Any CPU
		{2F9503CC-3A7F-4A6B-A6B5-90C30E17EACB}.Release|Any CPU.ActiveCfg = Release|Any CPU
		{2F9503CC-3A7F-4A6B-A6B5-90C30E17EACB}.Release|Any CPU.Build.0 = Release|Any CPU
		{7A17886C-4C88-48BE-BB23-BFF8ADBEB140}.Debug|Any CPU.ActiveCfg = Debug|Any CPU
		{7A17886C-4C88-48BE-BB23-BFF8ADBEB140}.Debug|Any CPU.Build.0 = Debug|Any CPU
		{7A17886C-4C88-48BE-BB23-BFF8ADBEB140}.Release|Any CPU.ActiveCfg = Release|Any CPU
		{7A17886C-4C88-48BE-BB23-BFF8ADBEB140}.Release|Any CPU.Build.0 = Release|Any CPU
	EndGlobalSection
	GlobalSection(SolutionProperties) = preSolution
		HideSolutionNode = FALSE
	EndGlobalSection
	GlobalSection(NestedProjects) = preSolution
		{805E62F7-EF67-4E43-B444-CA0C4A3E26B4} = {5FB9900B-1198-44EA-B859-DB221A35D1C0}
		{1C889A09-09DD-4024-8515-876162E35FC5} = {03431C9B-4C48-4475-ABDA-A16807C8BA0E}
		{37A649FB-E7EB-4026-B4DA-921211778FE7} = {030EF87E-0684-4659-9601-90C29779A59C}
		{F4FBEBE8-6353-41C2-83A6-03C8A15C9510} = {7747AF2A-5F7B-43E5-AEE4-38443EDF4DA6}
		{3C30DF77-4CA8-42D3-8815-8E4796C56846} = {DEB459EC-CB14-4A1D-A611-1C9711BE37D6}
		{0CCEE783-DBCA-4D60-91C2-1AC4E10769C8} = {DEB459EC-CB14-4A1D-A611-1C9711BE37D6}
		{365CB5E6-70BE-4538-A798-C71458C57FE7} = {D0C9E122-DCBB-4FF4-B1E2-EF1AD69523C2}
		{44FEAEA0-EC48-490C-B1BC-E786259E37DF} = {D0C9E122-DCBB-4FF4-B1E2-EF1AD69523C2}
		{AD00EA13-E064-4CAE-8152-E060F8C264B6} = {991E750A-F7B4-4DEB-B88D-85B5758D1A48}
		{2F9503CC-3A7F-4A6B-A6B5-90C30E17EACB} = {991E750A-F7B4-4DEB-B88D-85B5758D1A48}
		{7A17886C-4C88-48BE-BB23-BFF8ADBEB140} = {5FB9900B-1198-44EA-B859-DB221A35D1C0}
	EndGlobalSection
	GlobalSection(ExtensibilityGlobals) = postSolution
		SolutionGuid = {3E63EDAC-A719-4CB4-8C41-45D50FEDAF1E}
	EndGlobalSection
EndGlobal
